# This file is automatically @generated by Cargo.
# It is not intended for manual editing.
version = 4

[[package]]
name = "micro"
version = "0.1.0"
dependencies = [
 "oscore",
]

[[package]]
name = "mono"
version = "0.1.0"
dependencies = [
 "oscore",
]

[[package]]
name = "oscore"
version = "0.1.0"
